<?xml version="1.0" encoding="utf-8"?>
<Project ToolsVersion="17.0" xmlns="http://schemas.microsoft.com/developer/msbuild/2003">
  <ItemGroup>
    <ClCompile Include="common\alcomplex.cpp">
      <Filter>Source Files</Filter>
    </ClCompile>
    <ClCompile Include="common\alfstream.cpp">
      <Filter>Source Files</Filter>
    </ClCompile>
    <ClCompile Include="common\almalloc.cpp">
      <Filter>Source Files</Filter>
    </ClCompile>
    <ClCompile Include="common\alstring.cpp">
      <Filter>Source Files</Filter>
    </ClCompile>
    <ClCompile Include="common\dynload.cpp">
      <Filter>Source Files</Filter>
    </ClCompile>
    <ClCompile Include="common\polyphase_resampler.cpp">
      <Filter>Source Files</Filter>
    </ClCompile>
    <ClCompile Include="common\ringbuffer.cpp">
      <Filter>Source Files</Filter>
    </ClCompile>
    <ClCompile Include="common\strutils.cpp">
      <Filter>Source Files</Filter>
    </ClCompile>
    <ClCompile Include="common\threads.cpp">
      <Filter>Source Files</Filter>
    </ClCompile>
  </ItemGroup>
  <ItemGroup>
    <ClInclude Include="common\albit.h">
      <Filter>Header Files</Filter>
    </ClInclude>
    <ClInclude Include="common\albyte.h">
      <Filter>Header Files</Filter>
    </ClInclude>
    <ClInclude Include="common\alcomplex.h">
      <Filter>Header Files</Filter>
    </ClInclude>
    <ClInclude Include="common\aldeque.h">
      <Filter>Header Files</Filter>
    </ClInclude>
    <ClInclude Include="common\alfstream.h">
      <Filter>Header Files</Filter>
    </ClInclude>
    <ClInclude Include="common\almalloc.h">
      <Filter>Header Files</Filter>
    </ClInclude>
    <ClInclude Include="common\alnumbers.h">
      <Filter>Header Files</Filter>
    </ClInclude>
    <ClInclude Include="common\alnumeric.h">
      <Filter>Header Files</Filter>
    </ClInclude>
    <ClInclude Include="common\aloptional.h">
      <Filter>Header Files</Filter>
    </ClInclude>
    <ClInclude Include="common\alspan.h">
      <Filter>Header Files</Filter>
    </ClInclude>
    <ClInclude Include="common\alstring.h">
      <Filter>Header Files</Filter>
    </ClInclude>
    <ClInclude Include="common\altraits.h">
      <Filter>Header Files</Filter>
    </ClInclude>
    <ClInclude Include="common\atomic.h">
      <Filter>Header Files</Filter>
    </ClInclude>
    <ClInclude Include="common\comptr.h">
      <Filter>Header Files</Filter>
    </ClInclude>
    <ClInclude Include="common\dynload.h">
      <Filter>Header Files</Filter>
    </ClInclude>
    <ClInclude Include="common\intrusive_ptr.h">
      <Filter>Header Files</Filter>
    </ClInclude>
    <ClInclude Include="common\opthelpers.h">
      <Filter>Header Files</Filter>
    </ClInclude>
    <ClInclude Include="common\phase_shifter.h">
      <Filter>Header Files</Filter>
    </ClInclude>
    <ClInclude Include="common\polyphase_resampler.h">
      <Filter>Header Files</Filter>
    </ClInclude>
    <ClInclude Include="common\pragmadefs.h">
      <Filter>Header Files</Filter>
    </ClInclude>
    <ClInclude Include="common\ringbuffer.h">
      <Filter>Header Files</Filter>
    </ClInclude>
    <ClInclude Include="common\strutils.h">
      <Filter>Header Files</Filter>
    </ClInclude>
    <ClInclude Include="common\threads.h">
      <Filter>Header Files</Filter>
    </ClInclude>
    <ClInclude Include="common\vecmat.h">
      <Filter>Header Files</Filter>
    </ClInclude>
    <ClInclude Include="common\vector.h">
      <Filter>Header Files</Filter>
    </ClInclude>
  </ItemGroup>
  <ItemGroup>
    <Filter Include="Header Files">
      <UniqueIdentifier>{15C1F7B3-E42A-3C79-A186-FE497B164987}</UniqueIdentifier>
    </Filter>
    <Filter Include="Source Files">
      <UniqueIdentifier>{FED76213-5AC5-3ABB-8312-903A36F9EA3B}</UniqueIdentifier>
    </Filter>
  </ItemGroup>
</Project>